{
  "name": "js-full-text-search",
  "version": "0.0.1",
  "lockfileVersion": 1,
  "requires": true,
  "dependencies": {
    "@types/lunr": {
      "version": "2.1.5",
      "resolved": "https://registry.npmjs.org/@types/lunr/-/lunr-2.1.5.tgz",
      "integrity": "sha512-esk3CG25hRtHsVHm+LOjiSFYdw8be3uIY653WUwR43Bro914HSimPgPpqgajkhTJ0awK3RQfaIxP7zvbtCpcyg==",
      "dev": true
    },
    "lunr": {
      "version": "2.1.6",
      "resolved": "https://registry.npmjs.org/lunr/-/lunr-2.1.6.tgz",
      "integrity": "sha512-ydJpB8CX8cZ/VE+KMaYaFcZ6+o2LruM6NG76VXdflYTgluvVemz1lW4anE+pyBbLvxJHZdvD1Jy/fOqdzAEJog=="
    },
    "typescript": {
      "version": "2.8.3",
      "resolved": "https://registry.npmjs.org/typescript/-/typescript-2.8.3.tgz",
      "integrity": "sha512-K7g15Bb6Ra4lKf7Iq2l/I5/En+hLIHmxWZGq3D4DIRNFxMNV6j2SHSvDOqs2tGd4UvD/fJvrwopzQXjLrT7Itw==",
      "dev": true
    }
  }
}
